
Microsoft Visual Studio Solution File, Format Version 12.00
# Visual Studio Version 16
VisualStudioVersion = 16.0.29209.62
MinimumVisualStudioVersion = 10.0.40219.1
Project("{FAE04EC0-301F-11D3-BF4B-00C04F79EFBC}") = "TeamProjectAutoRent", "TeamProjectAutoRent\TeamProjectAutoRent.csproj", "{44C28D80-E727-4DB4-A680-91FF5A7A6306}"
EndProject
Project("{FAE04EC0-301F-11D3-BF4B-00C04F79EFBC}") = "LogicAndDb", "LogicAndDb\LogicAndDb.csproj", "{41F64861-CE0B-4CCC-BF30-0972D4FAAC09}"
EndProject
Global
	GlobalSection(SolutionConfigurationPlatforms) = preSolution
		Debug|Any CPU = Debug|Any CPU
		Release|Any CPU = Release|Any CPU
	EndGlobalSection
	GlobalSection(ProjectConfigurationPlatforms) = postSolution
		{44C28D80-E727-4DB4-A680-91FF5A7A6306}.Debug|Any CPU.ActiveCfg = Debug|Any CPU
		{44C28D80-E727-4DB4-A680-91FF5A7A6306}.Debug|Any CPU.Build.0 = Debug|Any CPU
		{44C28D80-E727-4DB4-A680-91FF5A7A6306}.Release|Any CPU.ActiveCfg = Release|Any CPU
		{44C28D80-E727-4DB4-A680-91FF5A7A6306}.Release|Any CPU.Build.0 = Release|Any CPU
		{41F64861-CE0B-4CCC-BF30-0972D4FAAC09}.Debug|Any CPU.ActiveCfg = Debug|Any CPU
		{41F64861-CE0B-4CCC-BF30-0972D4FAAC09}.Debug|Any CPU.Build.0 = Debug|Any CPU
		{41F64861-CE0B-4CCC-BF30-0972D4FAAC09}.Release|Any CPU.ActiveCfg = Release|Any CPU
		{41F64861-CE0B-4CCC-BF30-0972D4FAAC09}.Release|Any CPU.Build.0 = Release|Any CPU
	EndGlobalSection
	GlobalSection(SolutionProperties) = preSolution
		HideSolutionNode = FALSE
	EndGlobalSection
	GlobalSection(ExtensibilityGlobals) = postSolution
		SolutionGuid = {1BDB284F-D24F-41EB-8927-0A878F9F231C}
	EndGlobalSection
EndGlobal
